
Microsoft Visual Studio Solution File, Format Version 12.00
# Visual Studio Version 17
VisualStudioVersion = 17.1.32228.430
MinimumVisualStudioVersion = 10.0.40219.1
Project("{9A19103F-16F7-4668-BE54-9A1E7A4F7556}") = "Spirzza.Interop.Shaderc", "Shaderc\Spirzza.Interop.Shaderc.csproj", "{43E92EF9-45FD-4B92-8895-3B38772DA7B1}"
EndProject
Project("{9A19103F-16F7-4668-BE54-9A1E7A4F7556}") = "Spirzza.Interop.SpirvCross", "SpirvCross\Spirzza.Interop.SpirvCross.csproj", "{99431A36-92C8-4D72-8116-3B0333C820A5}"
EndProject
Project("{9A19103F-16F7-4668-BE54-9A1E7A4F7556}") = "Spirzza.InteropTests.Shaderc", "..\..\..\tests\Spirzza.Tests\InteropTests\Shaderc\Spirzza.InteropTests.Shaderc.csproj", "{4D7FA143-CD17-4B3D-B030-E978ACF958E1}"
EndProject
Project("{9A19103F-16F7-4668-BE54-9A1E7A4F7556}") = "Spirzza.InteropTests.SpirvCross", "..\..\..\tests\Spirzza.Tests\InteropTests\SpirvCross\Spirzza.InteropTests.SpirvCross.csproj", "{AB08B435-CA03-4681-B941-81A92DAC2790}"
EndProject
Global
	GlobalSection(SolutionConfigurationPlatforms) = preSolution
		Debug|Any CPU = Debug|Any CPU
		Release|Any CPU = Release|Any CPU
	EndGlobalSection
	GlobalSection(ProjectConfigurationPlatforms) = postSolution
		{43E92EF9-45FD-4B92-8895-3B38772DA7B1}.Debug|Any CPU.ActiveCfg = Debug|Any CPU
		{43E92EF9-45FD-4B92-8895-3B38772DA7B1}.Debug|Any CPU.Build.0 = Debug|Any CPU
		{43E92EF9-45FD-4B92-8895-3B38772DA7B1}.Release|Any CPU.ActiveCfg = Release|Any CPU
		{43E92EF9-45FD-4B92-8895-3B38772DA7B1}.Release|Any CPU.Build.0 = Release|Any CPU
		{99431A36-92C8-4D72-8116-3B0333C820A5}.Debug|Any CPU.ActiveCfg = Debug|Any CPU
		{99431A36-92C8-4D72-8116-3B0333C820A5}.Debug|Any CPU.Build.0 = Debug|Any CPU
		{99431A36-92C8-4D72-8116-3B0333C820A5}.Release|Any CPU.ActiveCfg = Release|Any CPU
		{99431A36-92C8-4D72-8116-3B0333C820A5}.Release|Any CPU.Build.0 = Release|Any CPU
		{4D7FA143-CD17-4B3D-B030-E978ACF958E1}.Debug|Any CPU.ActiveCfg = Debug|Any CPU
		{4D7FA143-CD17-4B3D-B030-E978ACF958E1}.Debug|Any CPU.Build.0 = Debug|Any CPU
		{4D7FA143-CD17-4B3D-B030-E978ACF958E1}.Release|Any CPU.ActiveCfg = Release|Any CPU
		{4D7FA143-CD17-4B3D-B030-E978ACF958E1}.Release|Any CPU.Build.0 = Release|Any CPU
		{AB08B435-CA03-4681-B941-81A92DAC2790}.Debug|Any CPU.ActiveCfg = Debug|Any CPU
		{AB08B435-CA03-4681-B941-81A92DAC2790}.Debug|Any CPU.Build.0 = Debug|Any CPU
		{AB08B435-CA03-4681-B941-81A92DAC2790}.Release|Any CPU.ActiveCfg = Release|Any CPU
		{AB08B435-CA03-4681-B941-81A92DAC2790}.Release|Any CPU.Build.0 = Release|Any CPU
	EndGlobalSection
	GlobalSection(SolutionProperties) = preSolution
		HideSolutionNode = FALSE
	EndGlobalSection
	GlobalSection(ExtensibilityGlobals) = postSolution
		SolutionGuid = {5F7EF1F1-69C6-4C1A-8EDD-B3BB651CDFB4}
	EndGlobalSection
EndGlobal
